
Microsoft Visual Studio Solution File, Format Version 12.00
# Visual Studio Version 16
VisualStudioVersion = 16.0.29609.76
MinimumVisualStudioVersion = 10.0.40219.1
Project("{FAE04EC0-301F-11D3-BF4B-00C04F79EFBC}") = "Pivotes", "Pivotes.csproj", "{A7056BA1-C17E-4689-A255-2C985EB58699}"
EndProject
Global
	GlobalSection(SolutionConfigurationPlatforms) = preSolution
		Debug|Any CPU = Debug|Any CPU
		Release|Any CPU = Release|Any CPU
	EndGlobalSection
	GlobalSection(ProjectConfigurationPlatforms) = postSolution
		{A7056BA1-C17E-4689-A255-2C985EB58699}.Debug|Any CPU.ActiveCfg = Debug|Any CPU
		{A7056BA1-C17E-4689-A255-2C985EB58699}.Debug|Any CPU.Build.0 = Debug|Any CPU
		{A7056BA1-C17E-4689-A255-2C985EB58699}.Release|Any CPU.ActiveCfg = Release|Any CPU
		{A7056BA1-C17E-4689-A255-2C985EB58699}.Release|Any CPU.Build.0 = Release|Any CPU
	EndGlobalSection
	GlobalSection(SolutionProperties) = preSolution
		HideSolutionNode = FALSE
	EndGlobalSection
	GlobalSection(ExtensibilityGlobals) = postSolution
		SolutionGuid = {BD0C2946-90BE-4B23-8581-6CBB2584EFC5}
	EndGlobalSection
EndGlobal
